
Microsoft Visual Studio Solution File, Format Version 12.00
# Visual Studio Version 17
VisualStudioVersion = 17.5.002.0
MinimumVisualStudioVersion = 10.0.40219.1
Project("{9A19103F-16F7-4668-BE54-9A1E7A4F7556}") = "auth", "auth\auth.csproj", "{DB495E51-18DC-477B-BD32-102EFA8E7676}"
EndProject
Project("{9A19103F-16F7-4668-BE54-9A1E7A4F7556}") = "ping-consumer", "ping-consumer\ping-consumer.csproj", "{F9944889-5659-4E40-B3DB-366F32090454}"
EndProject
Project("{9A19103F-16F7-4668-BE54-9A1E7A4F7556}") = "ping-producer", "ping-producer\ping-producer.csproj", "{BAE7BC22-A450-4B65-BC28-865A2F4B7DE2}"
EndProject
Global
	GlobalSection(SolutionConfigurationPlatforms) = preSolution
		Debug|Any CPU = Debug|Any CPU
		Release|Any CPU = Release|Any CPU
	EndGlobalSection
	GlobalSection(ProjectConfigurationPlatforms) = postSolution
		{DB495E51-18DC-477B-BD32-102EFA8E7676}.Debug|Any CPU.ActiveCfg = Debug|Any CPU
		{DB495E51-18DC-477B-BD32-102EFA8E7676}.Debug|Any CPU.Build.0 = Debug|Any CPU
		{DB495E51-18DC-477B-BD32-102EFA8E7676}.Release|Any CPU.ActiveCfg = Release|Any CPU
		{DB495E51-18DC-477B-BD32-102EFA8E7676}.Release|Any CPU.Build.0 = Release|Any CPU
		{F9944889-5659-4E40-B3DB-366F32090454}.Debug|Any CPU.ActiveCfg = Debug|Any CPU
		{F9944889-5659-4E40-B3DB-366F32090454}.Debug|Any CPU.Build.0 = Debug|Any CPU
		{F9944889-5659-4E40-B3DB-366F32090454}.Release|Any CPU.ActiveCfg = Release|Any CPU
		{F9944889-5659-4E40-B3DB-366F32090454}.Release|Any CPU.Build.0 = Release|Any CPU
		{BAE7BC22-A450-4B65-BC28-865A2F4B7DE2}.Debug|Any CPU.ActiveCfg = Debug|Any CPU
		{BAE7BC22-A450-4B65-BC28-865A2F4B7DE2}.Debug|Any CPU.Build.0 = Debug|Any CPU
		{BAE7BC22-A450-4B65-BC28-865A2F4B7DE2}.Release|Any CPU.ActiveCfg = Release|Any CPU
		{BAE7BC22-A450-4B65-BC28-865A2F4B7DE2}.Release|Any CPU.Build.0 = Release|Any CPU
	EndGlobalSection
	GlobalSection(SolutionProperties) = preSolution
		HideSolutionNode = FALSE
	EndGlobalSection
	GlobalSection(ExtensibilityGlobals) = postSolution
		SolutionGuid = {EA70B97D-E03C-4053-98AC-3C714B760E9C}
	EndGlobalSection
EndGlobal
